
Microsoft Visual Studio Solution File, Format Version 12.00
# Visual Studio 15
VisualStudioVersion = 15.0.28307.572
MinimumVisualStudioVersion = 10.0.40219.1
Project("{FAE04EC0-301F-11D3-BF4B-00C04F79EFBC}") = "MistrzowieWynajmu", "MistrzowieWynajmu\MistrzowieWynajmu.csproj", "{53966BF6-CDC0-4576-BB2D-A7F0ACFF5874}"
EndProject
Global
	GlobalSection(SolutionConfigurationPlatforms) = preSolution
		Debug|Any CPU = Debug|Any CPU
		Release|Any CPU = Release|Any CPU
	EndGlobalSection
	GlobalSection(ProjectConfigurationPlatforms) = postSolution
		{53966BF6-CDC0-4576-BB2D-A7F0ACFF5874}.Debug|Any CPU.ActiveCfg = Debug|Any CPU
		{53966BF6-CDC0-4576-BB2D-A7F0ACFF5874}.Debug|Any CPU.Build.0 = Debug|Any CPU
		{53966BF6-CDC0-4576-BB2D-A7F0ACFF5874}.Release|Any CPU.ActiveCfg = Release|Any CPU
		{53966BF6-CDC0-4576-BB2D-A7F0ACFF5874}.Release|Any CPU.Build.0 = Release|Any CPU
	EndGlobalSection
	GlobalSection(SolutionProperties) = preSolution
		HideSolutionNode = FALSE
	EndGlobalSection
	GlobalSection(ExtensibilityGlobals) = postSolution
		SolutionGuid = {DC868A92-DCDB-43A2-A527-1407BD1835FF}
	EndGlobalSection
EndGlobal
